// !$*UTF8*$!
{
	archiveVersion = 1;
	classes = {
	};
	objectVersion = 46;
	objects = {

/* Begin PBXBuildFile section */
		408333FE1C03C20500540EC0 /* main.cpp in Sources */ = {isa = PBXBuildFile; fileRef = 408333FD1C03C20500540EC0 /* main.cpp */; };
		408334061C03C2C200540EC0 /* DisjointSet.cpp in Sources */ = {isa = PBXBuildFile; fileRef = 408334041C03C2C200540EC0 /* DisjointSet.cpp */; };
		408334091C03F16D00540EC0 /* Grid.cpp in Sources */ = {isa = PBXBuildFile; fileRef = 408334071C03F16D00540EC0 /* Grid.cpp */; };
		4083340C1C03F4D000540EC0 /* Percolate.cpp in Sources */ = {isa = PBXBuildFile; fileRef = 4083340A1C03F4D000540EC0 /* Percolate.cpp */; };
/* End PBXBuildFile section */

/* Begin PBXCopyFilesBuildPhase section */
		408333F81C03C20500540EC0 /* CopyFiles */ = {
			isa = PBXCopyFilesBuildPhase;
			buildActionMask = 2147483647;
			dstPath = /usr/share/man/man1/;
			dstSubfolderSpec = 0;
			files = (
			);
			runOnlyForDeploymentPostprocessing = 1;
		};
/* End PBXCopyFilesBuildPhase section */

/* Begin PBXFileReference section */
		408333FA1C03C20500540EC0 /* Assignment 6 Union Find */ = {isa = PBXFileReference; explicitFileType = "compiled.mach-o.executable"; includeInIndex = 0; path = "Assignment 6 Union Find"; sourceTree = BUILT_PRODUCTS_DIR; };
		408333FD1C03C20500540EC0 /* main.cpp */ = {isa = PBXFileReference; lastKnownFileType = sourcecode.cpp.cpp; path = main.cpp; sourceTree = "<group>"; };
		408334041C03C2C200540EC0 /* DisjointSet.cpp */ = {isa = PBXFileReference; fileEncoding = 4; lastKnownFileType = sourcecode.cpp.cpp; path = DisjointSet.cpp; sourceTree = "<group>"; };
		408334051C03C2C200540EC0 /* DisjointSet.h */ = {isa = PBXFileReference; fileEncoding = 4; lastKnownFileType = sourcecode.c.h; path = DisjointSet.h; sourceTree = "<group>"; };
		408334071C03F16D00540EC0 /* Grid.cpp */ = {isa = PBXFileReference; fileEncoding = 4; lastKnownFileType = sourcecode.cpp.cpp; path = Grid.cpp; sourceTree = "<group>"; };
		408334081C03F16D00540EC0 /* Grid.h */ = {isa = PBXFileReference; fileEncoding = 4; lastKnownFileType = sourcecode.c.h; path = Grid.h; sourceTree = "<group>"; };
		4083340A1C03F4D000540EC0 /* Percolate.cpp */ = {isa = PBXFileReference; fileEncoding = 4; lastKnownFileType = sourcecode.cpp.cpp; path = Percolate.cpp; sourceTree = "<group>"; };
		4083340B1C03F4D000540EC0 /* Percolate.h */ = {isa = PBXFileReference; fileEncoding = 4; lastKnownFileType = sourcecode.c.h; path = Percolate.h; sourceTree = "<group>"; };
/* End PBXFileReference section */

/* Begin PBXFrameworksBuildPhase section */
		408333F71C03C20500540EC0 /* Frameworks */ = {
			isa = PBXFrameworksBuildPhase;
			buildActionMask = 2147483647;
			files = (
			);
			runOnlyForDeploymentPostprocessing = 0;
		};
/* End PBXFrameworksBuildPhase section */

/* Begin PBXGroup section */
		408333F11C03C20500540EC0 = {
			isa = PBXGroup;
			children = (
				408333FC1C03C20500540EC0 /* Assignment 6 Union Find */,
				408333FB1C03C20500540EC0 /* Products */,
			);
			sourceTree = "<group>";
		};
		408333FB1C03C20500540EC0 /* Products */ = {
			isa = PBXGroup;
			children = (
				408333FA1C03C20500540EC0 /* Assignment 6 Union Find */,
			);
			name = Products;
			sourceTree = "<group>";
		};
		408333FC1C03C20500540EC0 /* Assignment 6 Union Find */ = {
			isa = PBXGroup;
			children = (
				408333FD1C03C20500540EC0 /* main.cpp */,
				4083340A1C03F4D000540EC0 /* Percolate.cpp */,
				4083340B1C03F4D000540EC0 /* Percolate.h */,
				408334071C03F16D00540EC0 /* Grid.cpp */,
				408334081C03F16D00540EC0 /* Grid.h */,
				408334041C03C2C200540EC0 /* DisjointSet.cpp */,
				408334051C03C2C200540EC0 /* DisjointSet.h */,
			);
			path = "Assignment 6 Union Find";
			sourceTree = "<group>";
		};
/* End PBXGroup section */

/* Begin PBXNativeTarget section */
		408333F91C03C20500540EC0 /* Assignment 6 Union Find */ = {
			isa = PBXNativeTarget;
			buildConfigurationList = 408334011C03C20500540EC0 /* Build configuration list for PBXNativeTarget "Assignment 6 Union Find" */;
			buildPhases = (
				408333F61C03C20500540EC0 /* Sources */,
				408333F71C03C20500540EC0 /* Frameworks */,
				408333F81C03C20500540EC0 /* CopyFiles */,
			);
			buildRules = (
			);
			dependencies = (
			);
			name = "Assignment 6 Union Find";
			productName = "Assignment 6 Union Find";
			productReference = 408333FA1C03C20500540EC0 /* Assignment 6 Union Find */;
			productType = "com.apple.product-type.tool";
		};
/* End PBXNativeTarget section */

/* Begin PBXProject section */
		408333F21C03C20500540EC0 /* Project object */ = {
			isa = PBXProject;
			attributes = {
				LastUpgradeCheck = 0710;
				ORGANIZATIONNAME = "Camron Blake Martinez";
				TargetAttributes = {
					408333F91C03C20500540EC0 = {
						CreatedOnToolsVersion = 7.1.1;
					};
				};
			};
			buildConfigurationList = 408333F51C03C20500540EC0 /* Build configuration list for PBXProject "Assignment 6 Union Find" */;
			compatibilityVersion = "Xcode 3.2";
			developmentRegion = English;
			hasScannedForEncodings = 0;
			knownRegions = (
				en,
			);
			mainGroup = 408333F11C03C20500540EC0;
			productRefGroup = 408333FB1C03C20500540EC0 /* Products */;
			projectDirPath = "";
			projectRoot = "";
			targets = (
				408333F91C03C20500540EC0 /* Assignment 6 Union Find */,
			);
		};
/* End PBXProject section */

/* Begin PBXSourcesBuildPhase section */
		408333F61C03C20500540EC0 /* Sources */ = {
			isa = PBXSourcesBuildPhase;
			buildActionMask = 2147483647;
			files = (
				408334091C03F16D00540EC0 /* Grid.cpp in Sources */,
				4083340C1C03F4D000540EC0 /* Percolate.cpp in Sources */,
				408334061C03C2C200540EC0 /* DisjointSet.cpp in Sources */,
				408333FE1C03C20500540EC0 /* main.cpp in Sources */,
			);
			runOnlyForDeploymentPostprocessing = 0;
		};
/* End PBXSourcesBuildPhase section */

/* Begin XCBuildConfiguration section */
		408333FF1C03C20500540EC0 /* Debug */ = {
			isa = XCBuildConfiguration;
			buildSettings = {
				ALWAYS_SEARCH_USER_PATHS = NO;
				CLANG_CXX_LANGUAGE_STANDARD = "gnu++0x";
				CLANG_CXX_LIBRARY = "libc++";
				CLANG_ENABLE_MODULES = YES;
				CLANG_ENABLE_OBJC_ARC = YES;
				CLANG_WARN_BOOL_CONVERSION = YES;
				CLANG_WARN_CONSTANT_CONVERSION = YES;
				CLANG_WARN_DIRECT_OBJC_ISA_USAGE = YES_ERROR;
				CLANG_WARN_EMPTY_BODY = YES;
				CLANG_WARN_ENUM_CONVERSION = YES;
				CLANG_WARN_INT_CONVERSION = YES;
				CLANG_WARN_OBJC_ROOT_CLASS = YES_ERROR;
				CLANG_WARN_UNREACHABLE_CODE = YES;
				CLANG_WARN__DUPLICATE_METHOD_MATCH = YES;
				CODE_SIGN_IDENTITY = "-";
				COPY_PHASE_STRIP = NO;
				DEBUG_INFORMATION_FORMAT = dwarf;
				ENABLE_STRICT_OBJC_MSGSEND = YES;
				ENABLE_TESTABILITY = YES;
				GCC_C_LANGUAGE_STANDARD = gnu99;
				GCC_DYNAMIC_NO_PIC = NO;
				GCC_NO_COMMON_BLOCKS = YES;
				GCC_OPTIMIZATION_LEVEL = 0;
				GCC_PREPROCESSOR_DEFINITIONS = (
					"DEBUG=1",
					"$(inherited)",
				);
				GCC_WARN_64_TO_32_BIT_CONVERSION = YES;
				GCC_WARN_ABOUT_RETURN_TYPE = YES_ERROR;
				GCC_WARN_UNDECLARED_SELECTOR = YES;
				GCC_WARN_UNINITIALIZED_AUTOS = YES_AGGRESSIVE;
				GCC_WARN_UNUSED_FUNCTION = YES;
				GCC_WARN_UNUSED_VARIABLE = YES;
				MACOSX_DEPLOYMENT_TARGET = 10.11;
				MTL_ENABLE_DEBUG_INFO = YES;
				ONLY_ACTIVE_ARCH = YES;
				SDKROOT = macosx;
			};
			name = Debug;
		};
		408334001C03C20500540EC0 /* Release */ = {
			isa = XCBuildConfiguration;
			buildSettings = {
				ALWAYS_SEARCH_USER_PATHS = NO;
				CLANG_CXX_LANGUAGE_STANDARD = "gnu++0x";
				CLANG_CXX_LIBRARY = "libc++";
				CLANG_ENABLE_MODULES = YES;
				CLANG_ENABLE_OBJC_ARC = YES;
				CLANG_WARN_BOOL_CONVERSION = YES;
				CLANG_WARN_CONSTANT_CONVERSION = YES;
				CLANG_WARN_DIRECT_OBJC_ISA_USAGE = YES_ERROR;
				CLANG_WARN_EMPTY_BODY = YES;
				CLANG_WARN_ENUM_CONVERSION = YES;
				CLANG_WARN_INT_CONVERSION = YES;
				CLANG_WARN_OBJC_ROOT_CLASS = YES_ERROR;
				CLANG_WARN_UNREACHABLE_CODE = YES;
				CLANG_WARN__DUPLICATE_METHOD_MATCH = YES;
				CODE_SIGN_IDENTITY = "-";
				COPY_PHASE_STRIP = NO;
				DEBUG_INFORMATION_FORMAT = "dwarf-with-dsym";
				ENABLE_NS_ASSERTIONS = NO;
				ENABLE_STRICT_OBJC_MSGSEND = YES;
				GCC_C_LANGUAGE_STANDARD = gnu99;
				GCC_NO_COMMON_BLOCKS = YES;
				GCC_WARN_64_TO_32_BIT_CONVERSION = YES;
				GCC_WARN_ABOUT_RETURN_TYPE = YES_ERROR;
				GCC_WARN_UNDECLARED_SELECTOR = YES;
				GCC_WARN_UNINITIALIZED_AUTOS = YES_AGGRESSIVE;
				GCC_WARN_UNUSED_FUNCTION = YES;
				GCC_WARN_UNUSED_VARIABLE = YES;
				MACOSX_DEPLOYMENT_TARGET = 10.11;
				MTL_ENABLE_DEBUG_INFO = NO;
				SDKROOT = macosx;
			};
			name = Release;
		};
		408334021C03C20500540EC0 /* Debug */ = {
			isa = XCBuildConfiguration;
			buildSettings = {
				PRODUCT_NAME = "$(TARGET_NAME)";
			};
			name = Debug;
		};
		408334031C03C20500540EC0 /* Release */ = {
			isa = XCBuildConfiguration;
			buildSettings = {
				PRODUCT_NAME = "$(TARGET_NAME)";
			};
			name = Release;
		};
/* End XCBuildConfiguration section */

/* Begin XCConfigurationList section */
		408333F51C03C20500540EC0 /* Build configuration list for PBXProject "Assignment 6 Union Find" */ = {
			isa = XCConfigurationList;
			buildConfigurations = (
				408333FF1C03C20500540EC0 /* Debug */,
				408334001C03C20500540EC0 /* Release */,
			);
			defaultConfigurationIsVisible = 0;
			defaultConfigurationName = Release;
		};
		408334011C03C20500540EC0 /* Build configuration list for PBXNativeTarget "Assignment 6 Union Find" */ = {
			isa = XCConfigurationList;
			buildConfigurations = (
				408334021C03C20500540EC0 /* Debug */,
				408334031C03C20500540EC0 /* Release */,
			);
			defaultConfigurationIsVisible = 0;
		};
/* End XCConfigurationList section */
	};
	rootObject = 408333F21C03C20500540EC0 /* Project object */;
}
